
Microsoft Visual Studio Solution File, Format Version 12.00
# Visual Studio Version 17
VisualStudioVersion = 17.8.34309.116
MinimumVisualStudioVersion = 10.0.40219.1
Project("{9A19103F-16F7-4668-BE54-9A1E7A4F7556}") = "TestProject", "NewNovelTranslator\TestProject.csproj", "{48EF7CB5-1261-4D6B-8A8A-CCDDDF345812}"
EndProject
Project("{9A19103F-16F7-4668-BE54-9A1E7A4F7556}") = "NovelTextProcessor", "NovelTextProcessor\NovelTextProcessor.csproj", "{D4B37E21-D1B9-4F8C-9C09-17330C280747}"
EndProject
Project("{FAE04EC0-301F-11D3-BF4B-00C04F79EFBC}") = "WebApp", "WebApp\WebApp.csproj", "{5383D264-2215-44C7-96EA-04755DD6E932}"
EndProject
Global
	GlobalSection(SolutionConfigurationPlatforms) = preSolution
		Debug|Any CPU = Debug|Any CPU
		Release|Any CPU = Release|Any CPU
	EndGlobalSection
	GlobalSection(ProjectConfigurationPlatforms) = postSolution
		{48EF7CB5-1261-4D6B-8A8A-CCDDDF345812}.Debug|Any CPU.ActiveCfg = Debug|Any CPU
		{48EF7CB5-1261-4D6B-8A8A-CCDDDF345812}.Debug|Any CPU.Build.0 = Debug|Any CPU
		{48EF7CB5-1261-4D6B-8A8A-CCDDDF345812}.Release|Any CPU.ActiveCfg = Release|Any CPU
		{48EF7CB5-1261-4D6B-8A8A-CCDDDF345812}.Release|Any CPU.Build.0 = Release|Any CPU
		{D4B37E21-D1B9-4F8C-9C09-17330C280747}.Debug|Any CPU.ActiveCfg = Debug|Any CPU
		{D4B37E21-D1B9-4F8C-9C09-17330C280747}.Debug|Any CPU.Build.0 = Debug|Any CPU
		{D4B37E21-D1B9-4F8C-9C09-17330C280747}.Release|Any CPU.ActiveCfg = Release|Any CPU
		{D4B37E21-D1B9-4F8C-9C09-17330C280747}.Release|Any CPU.Build.0 = Release|Any CPU
		{5383D264-2215-44C7-96EA-04755DD6E932}.Debug|Any CPU.ActiveCfg = Debug|Any CPU
		{5383D264-2215-44C7-96EA-04755DD6E932}.Debug|Any CPU.Build.0 = Debug|Any CPU
		{5383D264-2215-44C7-96EA-04755DD6E932}.Release|Any CPU.ActiveCfg = Release|Any CPU
		{5383D264-2215-44C7-96EA-04755DD6E932}.Release|Any CPU.Build.0 = Release|Any CPU
	EndGlobalSection
	GlobalSection(SolutionProperties) = preSolution
		HideSolutionNode = FALSE
	EndGlobalSection
	GlobalSection(ExtensibilityGlobals) = postSolution
		SolutionGuid = {7361AB73-7190-4459-AACA-EF3BBE7B1268}
	EndGlobalSection
EndGlobal
